
Microsoft Visual Studio Solution File, Format Version 12.00
# Visual Studio 15
VisualStudioVersion = 15.0.27625.0
MinimumVisualStudioVersion = 10.0.40219.1
Project("{9A19103F-16F7-4668-BE54-9A1E7A4F7556}") = "BenchmarkDotNet.InProcess", "BenchmarkDotNet.InProcess\BenchmarkDotNet.InProcess.csproj", "{518FC351-857D-4571-8710-BD4446D3ADBE}"
EndProject
Project("{2150E333-8FDC-42A3-9474-1A3956D46DE8}") = "Solution Items", "Solution Items", "{EF5BB6FA-A33E-4AC5-9C62-4BA09D9C13E4}"
	ProjectSection(SolutionItems) = preProject
		README.md = README.md
	EndProjectSection
EndProject
Global
	GlobalSection(SolutionConfigurationPlatforms) = preSolution
		Debug|Any CPU = Debug|Any CPU
		Release|Any CPU = Release|Any CPU
	EndGlobalSection
	GlobalSection(ProjectConfigurationPlatforms) = postSolution
		{518FC351-857D-4571-8710-BD4446D3ADBE}.Debug|Any CPU.ActiveCfg = Debug|Any CPU
		{518FC351-857D-4571-8710-BD4446D3ADBE}.Debug|Any CPU.Build.0 = Debug|Any CPU
		{518FC351-857D-4571-8710-BD4446D3ADBE}.Release|Any CPU.ActiveCfg = Release|Any CPU
		{518FC351-857D-4571-8710-BD4446D3ADBE}.Release|Any CPU.Build.0 = Release|Any CPU
	EndGlobalSection
	GlobalSection(SolutionProperties) = preSolution
		HideSolutionNode = FALSE
	EndGlobalSection
	GlobalSection(ExtensibilityGlobals) = postSolution
		SolutionGuid = {07B51BE3-448A-433C-ADE9-AA28E7810AD9}
	EndGlobalSection
EndGlobal
